
Microsoft Visual Studio Solution File, Format Version 12.00
# Visual Studio Version 17
VisualStudioVersion = 17.1.32319.34
MinimumVisualStudioVersion = 10.0.40219.1
Project("{9A19103F-16F7-4668-BE54-9A1E7A4F7556}") = "Taller.Challenge", "chal\Taller.Challenge.csproj", "{5F2DD4A2-3D2B-4D7E-85C9-8CFC72439717}"
EndProject
Project("{9A19103F-16F7-4668-BE54-9A1E7A4F7556}") = "Taller.Challenge.Test", "TallerTechnologies_Challenge\test\Taller.Challenge.Test.csproj", "{1E9B4117-D8C4-4922-9C30-B06791F84631}"
EndProject
Global
	GlobalSection(SolutionConfigurationPlatforms) = preSolution
		Debug|Any CPU = Debug|Any CPU
		Release|Any CPU = Release|Any CPU
	EndGlobalSection
	GlobalSection(ProjectConfigurationPlatforms) = postSolution
		{5F2DD4A2-3D2B-4D7E-85C9-8CFC72439717}.Debug|Any CPU.ActiveCfg = Debug|Any CPU
		{5F2DD4A2-3D2B-4D7E-85C9-8CFC72439717}.Debug|Any CPU.Build.0 = Debug|Any CPU
		{5F2DD4A2-3D2B-4D7E-85C9-8CFC72439717}.Release|Any CPU.ActiveCfg = Release|Any CPU
		{5F2DD4A2-3D2B-4D7E-85C9-8CFC72439717}.Release|Any CPU.Build.0 = Release|Any CPU
		{1E9B4117-D8C4-4922-9C30-B06791F84631}.Debug|Any CPU.ActiveCfg = Debug|Any CPU
		{1E9B4117-D8C4-4922-9C30-B06791F84631}.Debug|Any CPU.Build.0 = Debug|Any CPU
		{1E9B4117-D8C4-4922-9C30-B06791F84631}.Release|Any CPU.ActiveCfg = Release|Any CPU
		{1E9B4117-D8C4-4922-9C30-B06791F84631}.Release|Any CPU.Build.0 = Release|Any CPU
	EndGlobalSection
	GlobalSection(SolutionProperties) = preSolution
		HideSolutionNode = FALSE
	EndGlobalSection
	GlobalSection(ExtensibilityGlobals) = postSolution
		SolutionGuid = {8662CC68-11D7-4F59-B292-7D40F32219B0}
	EndGlobalSection
EndGlobal
